
Microsoft Visual Studio Solution File, Format Version 12.00
# Visual Studio Version 17
VisualStudioVersion = 17.5.33530.505
MinimumVisualStudioVersion = 10.0.40219.1
Project("{FAE04EC0-301F-11D3-BF4B-00C04F79EFBC}") = "ShootingGallery", "ShootingGallery.csproj", "{23E59F27-1FA2-4124-A5D6-47FB1336CF26}"
EndProject
Global
	GlobalSection(SolutionConfigurationPlatforms) = preSolution
		Debug|Any CPU = Debug|Any CPU
		Release|Any CPU = Release|Any CPU
	EndGlobalSection
	GlobalSection(ProjectConfigurationPlatforms) = postSolution
		{23E59F27-1FA2-4124-A5D6-47FB1336CF26}.Debug|Any CPU.ActiveCfg = Debug|Any CPU
		{23E59F27-1FA2-4124-A5D6-47FB1336CF26}.Debug|Any CPU.Build.0 = Debug|Any CPU
		{23E59F27-1FA2-4124-A5D6-47FB1336CF26}.Release|Any CPU.ActiveCfg = Release|Any CPU
		{23E59F27-1FA2-4124-A5D6-47FB1336CF26}.Release|Any CPU.Build.0 = Release|Any CPU
	EndGlobalSection
	GlobalSection(SolutionProperties) = preSolution
		HideSolutionNode = FALSE
	EndGlobalSection
	GlobalSection(ExtensibilityGlobals) = postSolution
		SolutionGuid = {744F50F4-8D82-492D-91F2-B73486DA6B52}
	EndGlobalSection
EndGlobal
